// !$*UTF8*$!
{
	archiveVersion = 1;
	classes = {
	};
	objectVersion = 55;
	objects = {

/* Begin PBXBuildFile section */
		D619A369282CF1D200976A49 /* NewSpot.swift in Sources */ = {isa = PBXBuildFile; fileRef = D619A368282CF1D200976A49 /* NewSpot.swift */; };
		D619A36B282D0C7F00976A49 /* SpotsCategory.swift in Sources */ = {isa = PBXBuildFile; fileRef = D619A36A282D0C7F00976A49 /* SpotsCategory.swift */; };
		D619A36E282D14B600976A49 /* CategoryRow.swift in Sources */ = {isa = PBXBuildFile; fileRef = D619A36D282D14B600976A49 /* CategoryRow.swift */; };
		D619A370282D17A000976A49 /* CategoryItem.swift in Sources */ = {isa = PBXBuildFile; fileRef = D619A36F282D17A000976A49 /* CategoryItem.swift */; };
		D6513B9C2822B1D400467774 /* SurfSpotsApp.swift in Sources */ = {isa = PBXBuildFile; fileRef = D6513B9B2822B1D400467774 /* SurfSpotsApp.swift */; };
		D6513B9E2822B1D400467774 /* ContentView.swift in Sources */ = {isa = PBXBuildFile; fileRef = D6513B9D2822B1D400467774 /* ContentView.swift */; };
		D6513BA02822B1D700467774 /* Assets.xcassets in Resources */ = {isa = PBXBuildFile; fileRef = D6513B9F2822B1D700467774 /* Assets.xcassets */; };
		D6513BA32822B1D700467774 /* Preview Assets.xcassets in Resources */ = {isa = PBXBuildFile; fileRef = D6513BA22822B1D700467774 /* Preview Assets.xcassets */; };
		D6513BAD2822B1D800467774 /* SurfSpotsTests.swift in Sources */ = {isa = PBXBuildFile; fileRef = D6513BAC2822B1D800467774 /* SurfSpotsTests.swift */; };
		D6513BB72822B1D800467774 /* SurfSpotsUITests.swift in Sources */ = {isa = PBXBuildFile; fileRef = D6513BB62822B1D800467774 /* SurfSpotsUITests.swift */; };
		D6513BB92822B1D800467774 /* SurfSpotsUITestsLaunchTests.swift in Sources */ = {isa = PBXBuildFile; fileRef = D6513BB82822B1D800467774 /* SurfSpotsUITestsLaunchTests.swift */; };
		D6513BCC2822B2A000467774 /* Spot.swift in Sources */ = {isa = PBXBuildFile; fileRef = D6513BCB2822B2A000467774 /* Spot.swift */; };
		D6513BD12822B41100467774 /* ModelData.swift in Sources */ = {isa = PBXBuildFile; fileRef = D6513BD02822B41100467774 /* ModelData.swift */; };
		D6513BD32822B50900467774 /* FavoriteButton.swift in Sources */ = {isa = PBXBuildFile; fileRef = D6513BD22822B50900467774 /* FavoriteButton.swift */; };
		D6513BD52822B56200467774 /* MapView.swift in Sources */ = {isa = PBXBuildFile; fileRef = D6513BD42822B56200467774 /* MapView.swift */; };
		D6513BD72822B5B500467774 /* SpotsList.swift in Sources */ = {isa = PBXBuildFile; fileRef = D6513BD62822B5B500467774 /* SpotsList.swift */; };
		D6513BD92822B67E00467774 /* SpotsRow.swift in Sources */ = {isa = PBXBuildFile; fileRef = D6513BD82822B67E00467774 /* SpotsRow.swift */; };
		D6513BDB2822B71C00467774 /* SpotsDetail.swift in Sources */ = {isa = PBXBuildFile; fileRef = D6513BDA2822B71C00467774 /* SpotsDetail.swift */; };
		D69E96F42823CD4C0062C078 /* spotData.json in Resources */ = {isa = PBXBuildFile; fileRef = D69E96F32823CD4B0062C078 /* spotData.json */; };
		D6EE9E7B282A744B00DD79B2 /* CircleImageLarge.swift in Sources */ = {isa = PBXBuildFile; fileRef = D6EE9E7A282A744B00DD79B2 /* CircleImageLarge.swift */; };
		D6EE9E7D282A96FA00DD79B2 /* CircleImageSmall.swift in Sources */ = {isa = PBXBuildFile; fileRef = D6EE9E7C282A96FA00DD79B2 /* CircleImageSmall.swift */; };
/* End PBXBuildFile section */

/* Begin PBXContainerItemProxy section */
		D6513BA92822B1D800467774 /* PBXContainerItemProxy */ = {
			isa = PBXContainerItemProxy;
			containerPortal = D6513B902822B1D300467774 /* Project object */;
			proxyType = 1;
			remoteGlobalIDString = D6513B972822B1D300467774;
			remoteInfo = SurfSpots;
		};
		D6513BB32822B1D800467774 /* PBXContainerItemProxy */ = {
			isa = PBXContainerItemProxy;
			containerPortal = D6513B902822B1D300467774 /* Project object */;
			proxyType = 1;
			remoteGlobalIDString = D6513B972822B1D300467774;
			remoteInfo = SurfSpots;
		};
/* End PBXContainerItemProxy section */

/* Begin PBXFileReference section */
		D619A368282CF1D200976A49 /* NewSpot.swift */ = {isa = PBXFileReference; lastKnownFileType = sourcecode.swift; path = NewSpot.swift; sourceTree = "<group>"; };
		D619A36A282D0C7F00976A49 /* SpotsCategory.swift */ = {isa = PBXFileReference; lastKnownFileType = sourcecode.swift; path = SpotsCategory.swift; sourceTree = "<group>"; };
		D619A36D282D14B600976A49 /* CategoryRow.swift */ = {isa = PBXFileReference; lastKnownFileType = sourcecode.swift; path = CategoryRow.swift; sourceTree = "<group>"; };
		D619A36F282D17A000976A49 /* CategoryItem.swift */ = {isa = PBXFileReference; lastKnownFileType = sourcecode.swift; path = CategoryItem.swift; sourceTree = "<group>"; };
		D6513B982822B1D300467774 /* SurfSpots.app */ = {isa = PBXFileReference; explicitFileType = wrapper.application; includeInIndex = 0; path = SurfSpots.app; sourceTree = BUILT_PRODUCTS_DIR; };
		D6513B9B2822B1D400467774 /* SurfSpotsApp.swift */ = {isa = PBXFileReference; lastKnownFileType = sourcecode.swift; path = SurfSpotsApp.swift; sourceTree = "<group>"; };
		D6513B9D2822B1D400467774 /* ContentView.swift */ = {isa = PBXFileReference; lastKnownFileType = sourcecode.swift; path = ContentView.swift; sourceTree = "<group>"; };
		D6513B9F2822B1D700467774 /* Assets.xcassets */ = {isa = PBXFileReference; lastKnownFileType = folder.assetcatalog; path = Assets.xcassets; sourceTree = "<group>"; };
		D6513BA22822B1D700467774 /* Preview Assets.xcassets */ = {isa = PBXFileReference; lastKnownFileType = folder.assetcatalog; path = "Preview Assets.xcassets"; sourceTree = "<group>"; };
		D6513BA82822B1D800467774 /* SurfSpotsTests.xctest */ = {isa = PBXFileReference; explicitFileType = wrapper.cfbundle; includeInIndex = 0; path = SurfSpotsTests.xctest; sourceTree = BUILT_PRODUCTS_DIR; };
		D6513BAC2822B1D800467774 /* SurfSpotsTests.swift */ = {isa = PBXFileReference; lastKnownFileType = sourcecode.swift; path = SurfSpotsTests.swift; sourceTree = "<group>"; };
		D6513BB22822B1D800467774 /* SurfSpotsUITests.xctest */ = {isa = PBXFileReference; explicitFileType = wrapper.cfbundle; includeInIndex = 0; path = SurfSpotsUITests.xctest; sourceTree = BUILT_PRODUCTS_DIR; };
		D6513BB62822B1D800467774 /* SurfSpotsUITests.swift */ = {isa = PBXFileReference; lastKnownFileType = sourcecode.swift; path = SurfSpotsUITests.swift; sourceTree = "<group>"; };
		D6513BB82822B1D800467774 /* SurfSpotsUITestsLaunchTests.swift */ = {isa = PBXFileReference; lastKnownFileType = sourcecode.swift; path = SurfSpotsUITestsLaunchTests.swift; sourceTree = "<group>"; };
		D6513BCB2822B2A000467774 /* Spot.swift */ = {isa = PBXFileReference; lastKnownFileType = sourcecode.swift; path = Spot.swift; sourceTree = "<group>"; };
		D6513BD02822B41100467774 /* ModelData.swift */ = {isa = PBXFileReference; lastKnownFileType = sourcecode.swift; path = ModelData.swift; sourceTree = "<group>"; };
		D6513BD22822B50900467774 /* FavoriteButton.swift */ = {isa = PBXFileReference; lastKnownFileType = sourcecode.swift; path = FavoriteButton.swift; sourceTree = "<group>"; };
		D6513BD42822B56200467774 /* MapView.swift */ = {isa = PBXFileReference; lastKnownFileType = sourcecode.swift; path = MapView.swift; sourceTree = "<group>"; };
		D6513BD62822B5B500467774 /* SpotsList.swift */ = {isa = PBXFileReference; lastKnownFileType = sourcecode.swift; path = SpotsList.swift; sourceTree = "<group>"; };
		D6513BD82822B67E00467774 /* SpotsRow.swift */ = {isa = PBXFileReference; lastKnownFileType = sourcecode.swift; path = SpotsRow.swift; sourceTree = "<group>"; };
		D6513BDA2822B71C00467774 /* SpotsDetail.swift */ = {isa = PBXFileReference; lastKnownFileType = sourcecode.swift; path = SpotsDetail.swift; sourceTree = "<group>"; };
		D69E96F32823CD4B0062C078 /* spotData.json */ = {isa = PBXFileReference; fileEncoding = 4; lastKnownFileType = text.json; path = spotData.json; sourceTree = "<group>"; };
		D6EE9E7A282A744B00DD79B2 /* CircleImageLarge.swift */ = {isa = PBXFileReference; lastKnownFileType = sourcecode.swift; path = CircleImageLarge.swift; sourceTree = "<group>"; };
		D6EE9E7C282A96FA00DD79B2 /* CircleImageSmall.swift */ = {isa = PBXFileReference; lastKnownFileType = sourcecode.swift; path = CircleImageSmall.swift; sourceTree = "<group>"; };
/* End PBXFileReference section */

/* Begin PBXFrameworksBuildPhase section */
		D6513B952822B1D300467774 /* Frameworks */ = {
			isa = PBXFrameworksBuildPhase;
			buildActionMask = 2147483647;
			files = (
			);
			runOnlyForDeploymentPostprocessing = 0;
		};
		D6513BA52822B1D800467774 /* Frameworks */ = {
			isa = PBXFrameworksBuildPhase;
			buildActionMask = 2147483647;
			files = (
			);
			runOnlyForDeploymentPostprocessing = 0;
		};
		D6513BAF2822B1D800467774 /* Frameworks */ = {
			isa = PBXFrameworksBuildPhase;
			buildActionMask = 2147483647;
			files = (
			);
			runOnlyForDeploymentPostprocessing = 0;
		};
/* End PBXFrameworksBuildPhase section */

/* Begin PBXGroup section */
		D619A36C282D149A00976A49 /* Category */ = {
			isa = PBXGroup;
			children = (
				D619A36A282D0C7F00976A49 /* SpotsCategory.swift */,
				D619A36D282D14B600976A49 /* CategoryRow.swift */,
				D619A36F282D17A000976A49 /* CategoryItem.swift */,
			);
			path = Category;
			sourceTree = "<group>";
		};
		D6513B8F2822B1D300467774 = {
			isa = PBXGroup;
			children = (
				D6513B9A2822B1D300467774 /* SurfSpots */,
				D6513BAB2822B1D800467774 /* SurfSpotsTests */,
				D6513BB52822B1D800467774 /* SurfSpotsUITests */,
				D6513B992822B1D300467774 /* Products */,
			);
			sourceTree = "<group>";
		};
		D6513B992822B1D300467774 /* Products */ = {
			isa = PBXGroup;
			children = (
				D6513B982822B1D300467774 /* SurfSpots.app */,
				D6513BA82822B1D800467774 /* SurfSpotsTests.xctest */,
				D6513BB22822B1D800467774 /* SurfSpotsUITests.xctest */,
			);
			name = Products;
			sourceTree = "<group>";
		};
		D6513B9A2822B1D300467774 /* SurfSpots */ = {
			isa = PBXGroup;
			children = (
				D6513B9B2822B1D400467774 /* SurfSpotsApp.swift */,
				D6513BC62822B21B00467774 /* Views */,
				D6513BC92822B24D00467774 /* Models */,
				D6513BC52822B20B00467774 /* Resources */,
				D6513B9F2822B1D700467774 /* Assets.xcassets */,
				D6513BA12822B1D700467774 /* Preview Content */,
			);
			path = SurfSpots;
			sourceTree = "<group>";
		};
		D6513BA12822B1D700467774 /* Preview Content */ = {
			isa = PBXGroup;
			children = (
				D6513BA22822B1D700467774 /* Preview Assets.xcassets */,
			);
			path = "Preview Content";
			sourceTree = "<group>";
		};
		D6513BAB2822B1D800467774 /* SurfSpotsTests */ = {
			isa = PBXGroup;
			children = (
				D6513BAC2822B1D800467774 /* SurfSpotsTests.swift */,
			);
			path = SurfSpotsTests;
			sourceTree = "<group>";
		};
		D6513BB52822B1D800467774 /* SurfSpotsUITests */ = {
			isa = PBXGroup;
			children = (
				D6513BB62822B1D800467774 /* SurfSpotsUITests.swift */,
				D6513BB82822B1D800467774 /* SurfSpotsUITestsLaunchTests.swift */,
			);
			path = SurfSpotsUITests;
			sourceTree = "<group>";
		};
		D6513BC52822B20B00467774 /* Resources */ = {
			isa = PBXGroup;
			children = (
				D69E96F32823CD4B0062C078 /* spotData.json */,
			);
			path = Resources;
			sourceTree = "<group>";
		};
		D6513BC62822B21B00467774 /* Views */ = {
			isa = PBXGroup;
			children = (
				D6513B9D2822B1D400467774 /* ContentView.swift */,
				D6513BC82822B23B00467774 /* Spots */,
				D6513BC72822B22E00467774 /* Helpers */,
			);
			path = Views;
			sourceTree = "<group>";
		};
		D6513BC72822B22E00467774 /* Helpers */ = {
			isa = PBXGroup;
			children = (
				D6513BD22822B50900467774 /* FavoriteButton.swift */,
				D6513BD42822B56200467774 /* MapView.swift */,
				D6EE9E7A282A744B00DD79B2 /* CircleImageLarge.swift */,
				D6EE9E7C282A96FA00DD79B2 /* CircleImageSmall.swift */,
			);
			path = Helpers;
			sourceTree = "<group>";
		};
		D6513BC82822B23B00467774 /* Spots */ = {
			isa = PBXGroup;
			children = (
				D6513BD62822B5B500467774 /* SpotsList.swift */,
				D6513BDA2822B71C00467774 /* SpotsDetail.swift */,
				D6513BD82822B67E00467774 /* SpotsRow.swift */,
				D619A368282CF1D200976A49 /* NewSpot.swift */,
				D619A36C282D149A00976A49 /* Category */,
			);
			path = Spots;
			sourceTree = "<group>";
		};
		D6513BC92822B24D00467774 /* Models */ = {
			isa = PBXGroup;
			children = (
				D6513BCB2822B2A000467774 /* Spot.swift */,
				D6513BD02822B41100467774 /* ModelData.swift */,
			);
			path = Models;
			sourceTree = "<group>";
		};
/* End PBXGroup section */

/* Begin PBXNativeTarget section */
		D6513B972822B1D300467774 /* SurfSpots */ = {
			isa = PBXNativeTarget;
			buildConfigurationList = D6513BBC2822B1D800467774 /* Build configuration list for PBXNativeTarget "SurfSpots" */;
			buildPhases = (
				D6513B942822B1D300467774 /* Sources */,
				D6513B952822B1D300467774 /* Frameworks */,
				D6513B962822B1D300467774 /* Resources */,
			);
			buildRules = (
			);
			dependencies = (
			);
			name = SurfSpots;
			packageProductDependencies = (
			);
			productName = SurfSpots;
			productReference = D6513B982822B1D300467774 /* SurfSpots.app */;
			productType = "com.apple.product-type.application";
		};
		D6513BA72822B1D800467774 /* SurfSpotsTests */ = {
			isa = PBXNativeTarget;
			buildConfigurationList = D6513BBF2822B1D800467774 /* Build configuration list for PBXNativeTarget "SurfSpotsTests" */;
			buildPhases = (
				D6513BA42822B1D800467774 /* Sources */,
				D6513BA52822B1D800467774 /* Frameworks */,
				D6513BA62822B1D800467774 /* Resources */,
			);
			buildRules = (
			);
			dependencies = (
				D6513BAA2822B1D800467774 /* PBXTargetDependency */,
			);
			name = SurfSpotsTests;
			productName = SurfSpotsTests;
			productReference = D6513BA82822B1D800467774 /* SurfSpotsTests.xctest */;
			productType = "com.apple.product-type.bundle.unit-test";
		};
		D6513BB12822B1D800467774 /* SurfSpotsUITests */ = {
			isa = PBXNativeTarget;
			buildConfigurationList = D6513BC22822B1D800467774 /* Build configuration list for PBXNativeTarget "SurfSpotsUITests" */;
			buildPhases = (
				D6513BAE2822B1D800467774 /* Sources */,
				D6513BAF2822B1D800467774 /* Frameworks */,
				D6513BB02822B1D800467774 /* Resources */,
			);
			buildRules = (
			);
			dependencies = (
				D6513BB42822B1D800467774 /* PBXTargetDependency */,
			);
			name = SurfSpotsUITests;
			productName = SurfSpotsUITests;
			productReference = D6513BB22822B1D800467774 /* SurfSpotsUITests.xctest */;
			productType = "com.apple.product-type.bundle.ui-testing";
		};
/* End PBXNativeTarget section */

/* Begin PBXProject section */
		D6513B902822B1D300467774 /* Project object */ = {
			isa = PBXProject;
			attributes = {
				BuildIndependentTargetsInParallel = 1;
				LastSwiftUpdateCheck = 1330;
				LastUpgradeCheck = 1330;
				TargetAttributes = {
					D6513B972822B1D300467774 = {
						CreatedOnToolsVersion = 13.3.1;
					};
					D6513BA72822B1D800467774 = {
						CreatedOnToolsVersion = 13.3.1;
						TestTargetID = D6513B972822B1D300467774;
					};
					D6513BB12822B1D800467774 = {
						CreatedOnToolsVersion = 13.3.1;
						TestTargetID = D6513B972822B1D300467774;
					};
				};
			};
			buildConfigurationList = D6513B932822B1D300467774 /* Build configuration list for PBXProject "SurfSpots" */;
			compatibilityVersion = "Xcode 13.0";
			developmentRegion = en;
			hasScannedForEncodings = 0;
			knownRegions = (
				en,
				Base,
			);
			mainGroup = D6513B8F2822B1D300467774;
			packageReferences = (
			);
			productRefGroup = D6513B992822B1D300467774 /* Products */;
			projectDirPath = "";
			projectRoot = "";
			targets = (
				D6513B972822B1D300467774 /* SurfSpots */,
				D6513BA72822B1D800467774 /* SurfSpotsTests */,
				D6513BB12822B1D800467774 /* SurfSpotsUITests */,
			);
		};
/* End PBXProject section */

/* Begin PBXResourcesBuildPhase section */
		D6513B962822B1D300467774 /* Resources */ = {
			isa = PBXResourcesBuildPhase;
			buildActionMask = 2147483647;
			files = (
				D6513BA32822B1D700467774 /* Preview Assets.xcassets in Resources */,
				D6513BA02822B1D700467774 /* Assets.xcassets in Resources */,
				D69E96F42823CD4C0062C078 /* spotData.json in Resources */,
			);
			runOnlyForDeploymentPostprocessing = 0;
		};
		D6513BA62822B1D800467774 /* Resources */ = {
			isa = PBXResourcesBuildPhase;
			buildActionMask = 2147483647;
			files = (
			);
			runOnlyForDeploymentPostprocessing = 0;
		};
		D6513BB02822B1D800467774 /* Resources */ = {
			isa = PBXResourcesBuildPhase;
			buildActionMask = 2147483647;
			files = (
			);
			runOnlyForDeploymentPostprocessing = 0;
		};
/* End PBXResourcesBuildPhase section */

/* Begin PBXSourcesBuildPhase section */
		D6513B942822B1D300467774 /* Sources */ = {
			isa = PBXSourcesBuildPhase;
			buildActionMask = 2147483647;
			files = (
				D619A36B282D0C7F00976A49 /* SpotsCategory.swift in Sources */,
				D6513BD72822B5B500467774 /* SpotsList.swift in Sources */,
				D6513B9E2822B1D400467774 /* ContentView.swift in Sources */,
				D6EE9E7D282A96FA00DD79B2 /* CircleImageSmall.swift in Sources */,
				D619A36E282D14B600976A49 /* CategoryRow.swift in Sources */,
				D6513BD92822B67E00467774 /* SpotsRow.swift in Sources */,
				D619A369282CF1D200976A49 /* NewSpot.swift in Sources */,
				D6513BD52822B56200467774 /* MapView.swift in Sources */,
				D6513BD12822B41100467774 /* ModelData.swift in Sources */,
				D6513BDB2822B71C00467774 /* SpotsDetail.swift in Sources */,
				D6513BCC2822B2A000467774 /* Spot.swift in Sources */,
				D6513BD32822B50900467774 /* FavoriteButton.swift in Sources */,
				D6513B9C2822B1D400467774 /* SurfSpotsApp.swift in Sources */,
				D619A370282D17A000976A49 /* CategoryItem.swift in Sources */,
				D6EE9E7B282A744B00DD79B2 /* CircleImageLarge.swift in Sources */,
			);
			runOnlyForDeploymentPostprocessing = 0;
		};
		D6513BA42822B1D800467774 /* Sources */ = {
			isa = PBXSourcesBuildPhase;
			buildActionMask = 2147483647;
			files = (
				D6513BAD2822B1D800467774 /* SurfSpotsTests.swift in Sources */,
			);
			runOnlyForDeploymentPostprocessing = 0;
		};
		D6513BAE2822B1D800467774 /* Sources */ = {
			isa = PBXSourcesBuildPhase;
			buildActionMask = 2147483647;
			files = (
				D6513BB92822B1D800467774 /* SurfSpotsUITestsLaunchTests.swift in Sources */,
				D6513BB72822B1D800467774 /* SurfSpotsUITests.swift in Sources */,
			);
			runOnlyForDeploymentPostprocessing = 0;
		};
/* End PBXSourcesBuildPhase section */

/* Begin PBXTargetDependency section */
		D6513BAA2822B1D800467774 /* PBXTargetDependency */ = {
			isa = PBXTargetDependency;
			target = D6513B972822B1D300467774 /* SurfSpots */;
			targetProxy = D6513BA92822B1D800467774 /* PBXContainerItemProxy */;
		};
		D6513BB42822B1D800467774 /* PBXTargetDependency */ = {
			isa = PBXTargetDependency;
			target = D6513B972822B1D300467774 /* SurfSpots */;
			targetProxy = D6513BB32822B1D800467774 /* PBXContainerItemProxy */;
		};
/* End PBXTargetDependency section */

/* Begin XCBuildConfiguration section */
		D6513BBA2822B1D800467774 /* Debug */ = {
			isa = XCBuildConfiguration;
			buildSettings = {
				ALWAYS_SEARCH_USER_PATHS = NO;
				CLANG_ANALYZER_NONNULL = YES;
				CLANG_ANALYZER_NUMBER_OBJECT_CONVERSION = YES_AGGRESSIVE;
				CLANG_CXX_LANGUAGE_STANDARD = "gnu++17";
				CLANG_ENABLE_MODULES = YES;
				CLANG_ENABLE_OBJC_ARC = YES;
				CLANG_ENABLE_OBJC_WEAK = YES;
				CLANG_WARN_BLOCK_CAPTURE_AUTORELEASING = YES;
				CLANG_WARN_BOOL_CONVERSION = YES;
				CLANG_WARN_COMMA = YES;
				CLANG_WARN_CONSTANT_CONVERSION = YES;
				CLANG_WARN_DEPRECATED_OBJC_IMPLEMENTATIONS = YES;
				CLANG_WARN_DIRECT_OBJC_ISA_USAGE = YES_ERROR;
				CLANG_WARN_DOCUMENTATION_COMMENTS = YES;
				CLANG_WARN_EMPTY_BODY = YES;
				CLANG_WARN_ENUM_CONVERSION = YES;
				CLANG_WARN_INFINITE_RECURSION = YES;
				CLANG_WARN_INT_CONVERSION = YES;
				CLANG_WARN_NON_LITERAL_NULL_CONVERSION = YES;
				CLANG_WARN_OBJC_IMPLICIT_RETAIN_SELF = YES;
				CLANG_WARN_OBJC_LITERAL_CONVERSION = YES;
				CLANG_WARN_OBJC_ROOT_CLASS = YES_ERROR;
				CLANG_WARN_QUOTED_INCLUDE_IN_FRAMEWORK_HEADER = YES;
				CLANG_WARN_RANGE_LOOP_ANALYSIS = YES;
				CLANG_WARN_STRICT_PROTOTYPES = YES;
				CLANG_WARN_SUSPICIOUS_MOVE = YES;
				CLANG_WARN_UNGUARDED_AVAILABILITY = YES_AGGRESSIVE;
				CLANG_WARN_UNREACHABLE_CODE = YES;
				CLANG_WARN__DUPLICATE_METHOD_MATCH = YES;
				COPY_PHASE_STRIP = NO;
				DEBUG_INFORMATION_FORMAT = dwarf;
				ENABLE_STRICT_OBJC_MSGSEND = YES;
				ENABLE_TESTABILITY = YES;
				GCC_C_LANGUAGE_STANDARD = gnu11;
				GCC_DYNAMIC_NO_PIC = NO;
				GCC_NO_COMMON_BLOCKS = YES;
				GCC_OPTIMIZATION_LEVEL = 0;
				GCC_PREPROCESSOR_DEFINITIONS = (
					"DEBUG=1",
					"$(inherited)",
				);
				GCC_WARN_64_TO_32_BIT_CONVERSION = YES;
				GCC_WARN_ABOUT_RETURN_TYPE = YES_ERROR;
				GCC_WARN_UNDECLARED_SELECTOR = YES;
				GCC_WARN_UNINITIALIZED_AUTOS = YES_AGGRESSIVE;
				GCC_WARN_UNUSED_FUNCTION = YES;
				GCC_WARN_UNUSED_VARIABLE = YES;
				IPHONEOS_DEPLOYMENT_TARGET = 15.4;
				MTL_ENABLE_DEBUG_INFO = INCLUDE_SOURCE;
				MTL_FAST_MATH = YES;
				ONLY_ACTIVE_ARCH = YES;
				SDKROOT = iphoneos;
				SWIFT_ACTIVE_COMPILATION_CONDITIONS = DEBUG;
				SWIFT_OPTIMIZATION_LEVEL = "-Onone";
			};
			name = Debug;
		};
		D6513BBB2822B1D800467774 /* Release */ = {
			isa = XCBuildConfiguration;
			buildSettings = {
				ALWAYS_SEARCH_USER_PATHS = NO;
				CLANG_ANALYZER_NONNULL = YES;
				CLANG_ANALYZER_NUMBER_OBJECT_CONVERSION = YES_AGGRESSIVE;
				CLANG_CXX_LANGUAGE_STANDARD = "gnu++17";
				CLANG_ENABLE_MODULES = YES;
				CLANG_ENABLE_OBJC_ARC = YES;
				CLANG_ENABLE_OBJC_WEAK = YES;
				CLANG_WARN_BLOCK_CAPTURE_AUTORELEASING = YES;
				CLANG_WARN_BOOL_CONVERSION = YES;
				CLANG_WARN_COMMA = YES;
				CLANG_WARN_CONSTANT_CONVERSION = YES;
				CLANG_WARN_DEPRECATED_OBJC_IMPLEMENTATIONS = YES;
				CLANG_WARN_DIRECT_OBJC_ISA_USAGE = YES_ERROR;
				CLANG_WARN_DOCUMENTATION_COMMENTS = YES;
				CLANG_WARN_EMPTY_BODY = YES;
				CLANG_WARN_ENUM_CONVERSION = YES;
				CLANG_WARN_INFINITE_RECURSION = YES;
				CLANG_WARN_INT_CONVERSION = YES;
				CLANG_WARN_NON_LITERAL_NULL_CONVERSION = YES;
				CLANG_WARN_OBJC_IMPLICIT_RETAIN_SELF = YES;
				CLANG_WARN_OBJC_LITERAL_CONVERSION = YES;
				CLANG_WARN_OBJC_ROOT_CLASS = YES_ERROR;
				CLANG_WARN_QUOTED_INCLUDE_IN_FRAMEWORK_HEADER = YES;
				CLANG_WARN_RANGE_LOOP_ANALYSIS = YES;
				CLANG_WARN_STRICT_PROTOTYPES = YES;
				CLANG_WARN_SUSPICIOUS_MOVE = YES;
				CLANG_WARN_UNGUARDED_AVAILABILITY = YES_AGGRESSIVE;
				CLANG_WARN_UNREACHABLE_CODE = YES;
				CLANG_WARN__DUPLICATE_METHOD_MATCH = YES;
				COPY_PHASE_STRIP = NO;
				DEBUG_INFORMATION_FORMAT = "dwarf-with-dsym";
				ENABLE_NS_ASSERTIONS = NO;
				ENABLE_STRICT_OBJC_MSGSEND = YES;
				GCC_C_LANGUAGE_STANDARD = gnu11;
				GCC_NO_COMMON_BLOCKS = YES;
				GCC_WARN_64_TO_32_BIT_CONVERSION = YES;
				GCC_WARN_ABOUT_RETURN_TYPE = YES_ERROR;
				GCC_WARN_UNDECLARED_SELECTOR = YES;
				GCC_WARN_UNINITIALIZED_AUTOS = YES_AGGRESSIVE;
				GCC_WARN_UNUSED_FUNCTION = YES;
				GCC_WARN_UNUSED_VARIABLE = YES;
				IPHONEOS_DEPLOYMENT_TARGET = 15.4;
				MTL_ENABLE_DEBUG_INFO = NO;
				MTL_FAST_MATH = YES;
				SDKROOT = iphoneos;
				SWIFT_COMPILATION_MODE = wholemodule;
				SWIFT_OPTIMIZATION_LEVEL = "-O";
				VALIDATE_PRODUCT = YES;
			};
			name = Release;
		};
		D6513BBD2822B1D800467774 /* Debug */ = {
			isa = XCBuildConfiguration;
			buildSettings = {
				ASSETCATALOG_COMPILER_APPICON_NAME = AppIcon;
				ASSETCATALOG_COMPILER_GLOBAL_ACCENT_COLOR_NAME = AccentColor;
				CODE_SIGN_STYLE = Automatic;
				CURRENT_PROJECT_VERSION = 1;
				DEVELOPMENT_ASSET_PATHS = "\"SurfSpots/Preview Content\"";
				DEVELOPMENT_TEAM = 53R3R3AXHY;
				ENABLE_PREVIEWS = YES;
				GENERATE_INFOPLIST_FILE = YES;
				INFOPLIST_KEY_UIApplicationSceneManifest_Generation = YES;
				INFOPLIST_KEY_UIApplicationSupportsIndirectInputEvents = YES;
				INFOPLIST_KEY_UILaunchScreen_Generation = YES;
				INFOPLIST_KEY_UISupportedInterfaceOrientations = "";
				INFOPLIST_KEY_UISupportedInterfaceOrientations_iPad = "UIInterfaceOrientationPortrait UIInterfaceOrientationPortraitUpsideDown UIInterfaceOrientationLandscapeLeft UIInterfaceOrientationLandscapeRight";
				INFOPLIST_KEY_UISupportedInterfaceOrientations_iPhone = "UIInterfaceOrientationPortrait UIInterfaceOrientationLandscapeLeft UIInterfaceOrientationLandscapeRight";
				LD_RUNPATH_SEARCH_PATHS = (
					"$(inherited)",
					"@executable_path/Frameworks",
				);
				MARKETING_VERSION = 1.0;
				PRODUCT_BUNDLE_IDENTIFIER = AdaTechSchool.SurfSpots;
				PRODUCT_NAME = "$(TARGET_NAME)";
				SWIFT_EMIT_LOC_STRINGS = YES;
				SWIFT_VERSION = 5.0;
				TARGETED_DEVICE_FAMILY = "1,2";
			};
			name = Debug;
		};
		D6513BBE2822B1D800467774 /* Release */ = {
			isa = XCBuildConfiguration;
			buildSettings = {
				ASSETCATALOG_COMPILER_APPICON_NAME = AppIcon;
				ASSETCATALOG_COMPILER_GLOBAL_ACCENT_COLOR_NAME = AccentColor;
				CODE_SIGN_STYLE = Automatic;
				CURRENT_PROJECT_VERSION = 1;
				DEVELOPMENT_ASSET_PATHS = "\"SurfSpots/Preview Content\"";
				DEVELOPMENT_TEAM = 53R3R3AXHY;
				ENABLE_PREVIEWS = YES;
				GENERATE_INFOPLIST_FILE = YES;
				INFOPLIST_KEY_UIApplicationSceneManifest_Generation = YES;
				INFOPLIST_KEY_UIApplicationSupportsIndirectInputEvents = YES;
				INFOPLIST_KEY_UILaunchScreen_Generation = YES;
				INFOPLIST_KEY_UISupportedInterfaceOrientations = "";
				INFOPLIST_KEY_UISupportedInterfaceOrientations_iPad = "UIInterfaceOrientationPortrait UIInterfaceOrientationPortraitUpsideDown UIInterfaceOrientationLandscapeLeft UIInterfaceOrientationLandscapeRight";
				INFOPLIST_KEY_UISupportedInterfaceOrientations_iPhone = "UIInterfaceOrientationPortrait UIInterfaceOrientationLandscapeLeft UIInterfaceOrientationLandscapeRight";
				LD_RUNPATH_SEARCH_PATHS = (
					"$(inherited)",
					"@executable_path/Frameworks",
				);
				MARKETING_VERSION = 1.0;
				PRODUCT_BUNDLE_IDENTIFIER = AdaTechSchool.SurfSpots;
				PRODUCT_NAME = "$(TARGET_NAME)";
				SWIFT_EMIT_LOC_STRINGS = YES;
				SWIFT_VERSION = 5.0;
				TARGETED_DEVICE_FAMILY = "1,2";
			};
			name = Release;
		};
		D6513BC02822B1D800467774 /* Debug */ = {
			isa = XCBuildConfiguration;
			buildSettings = {
				ALWAYS_EMBED_SWIFT_STANDARD_LIBRARIES = YES;
				BUNDLE_LOADER = "$(TEST_HOST)";
				CODE_SIGN_STYLE = Automatic;
				CURRENT_PROJECT_VERSION = 1;
				GENERATE_INFOPLIST_FILE = YES;
				IPHONEOS_DEPLOYMENT_TARGET = 15.4;
				MARKETING_VERSION = 1.0;
				PRODUCT_BUNDLE_IDENTIFIER = AdaTechSchool.SurfSpotsTests;
				PRODUCT_NAME = "$(TARGET_NAME)";
				SWIFT_EMIT_LOC_STRINGS = NO;
				SWIFT_VERSION = 5.0;
				TARGETED_DEVICE_FAMILY = "1,2";
				TEST_HOST = "$(BUILT_PRODUCTS_DIR)/SurfSpots.app/SurfSpots";
			};
			name = Debug;
		};
		D6513BC12822B1D800467774 /* Release */ = {
			isa = XCBuildConfiguration;
			buildSettings = {
				ALWAYS_EMBED_SWIFT_STANDARD_LIBRARIES = YES;
				BUNDLE_LOADER = "$(TEST_HOST)";
				CODE_SIGN_STYLE = Automatic;
				CURRENT_PROJECT_VERSION = 1;
				GENERATE_INFOPLIST_FILE = YES;
				IPHONEOS_DEPLOYMENT_TARGET = 15.4;
				MARKETING_VERSION = 1.0;
				PRODUCT_BUNDLE_IDENTIFIER = AdaTechSchool.SurfSpotsTests;
				PRODUCT_NAME = "$(TARGET_NAME)";
				SWIFT_EMIT_LOC_STRINGS = NO;
				SWIFT_VERSION = 5.0;
				TARGETED_DEVICE_FAMILY = "1,2";
				TEST_HOST = "$(BUILT_PRODUCTS_DIR)/SurfSpots.app/SurfSpots";
			};
			name = Release;
		};
		D6513BC32822B1D800467774 /* Debug */ = {
			isa = XCBuildConfiguration;
			buildSettings = {
				ALWAYS_EMBED_SWIFT_STANDARD_LIBRARIES = YES;
				CODE_SIGN_STYLE = Automatic;
				CURRENT_PROJECT_VERSION = 1;
				GENERATE_INFOPLIST_FILE = YES;
				MARKETING_VERSION = 1.0;
				PRODUCT_BUNDLE_IDENTIFIER = AdaTechSchool.SurfSpotsUITests;
				PRODUCT_NAME = "$(TARGET_NAME)";
				SWIFT_EMIT_LOC_STRINGS = NO;
				SWIFT_VERSION = 5.0;
				TARGETED_DEVICE_FAMILY = "1,2";
				TEST_TARGET_NAME = SurfSpots;
			};
			name = Debug;
		};
		D6513BC42822B1D800467774 /* Release */ = {
			isa = XCBuildConfiguration;
			buildSettings = {
				ALWAYS_EMBED_SWIFT_STANDARD_LIBRARIES = YES;
				CODE_SIGN_STYLE = Automatic;
				CURRENT_PROJECT_VERSION = 1;
				GENERATE_INFOPLIST_FILE = YES;
				MARKETING_VERSION = 1.0;
				PRODUCT_BUNDLE_IDENTIFIER = AdaTechSchool.SurfSpotsUITests;
				PRODUCT_NAME = "$(TARGET_NAME)";
				SWIFT_EMIT_LOC_STRINGS = NO;
				SWIFT_VERSION = 5.0;
				TARGETED_DEVICE_FAMILY = "1,2";
				TEST_TARGET_NAME = SurfSpots;
			};
			name = Release;
		};
/* End XCBuildConfiguration section */

/* Begin XCConfigurationList section */
		D6513B932822B1D300467774 /* Build configuration list for PBXProject "SurfSpots" */ = {
			isa = XCConfigurationList;
			buildConfigurations = (
				D6513BBA2822B1D800467774 /* Debug */,
				D6513BBB2822B1D800467774 /* Release */,
			);
			defaultConfigurationIsVisible = 0;
			defaultConfigurationName = Release;
		};
		D6513BBC2822B1D800467774 /* Build configuration list for PBXNativeTarget "SurfSpots" */ = {
			isa = XCConfigurationList;
			buildConfigurations = (
				D6513BBD2822B1D800467774 /* Debug */,
				D6513BBE2822B1D800467774 /* Release */,
			);
			defaultConfigurationIsVisible = 0;
			defaultConfigurationName = Release;
		};
		D6513BBF2822B1D800467774 /* Build configuration list for PBXNativeTarget "SurfSpotsTests" */ = {
			isa = XCConfigurationList;
			buildConfigurations = (
				D6513BC02822B1D800467774 /* Debug */,
				D6513BC12822B1D800467774 /* Release */,
			);
			defaultConfigurationIsVisible = 0;
			defaultConfigurationName = Release;
		};
		D6513BC22822B1D800467774 /* Build configuration list for PBXNativeTarget "SurfSpotsUITests" */ = {
			isa = XCConfigurationList;
			buildConfigurations = (
				D6513BC32822B1D800467774 /* Debug */,
				D6513BC42822B1D800467774 /* Release */,
			);
			defaultConfigurationIsVisible = 0;
			defaultConfigurationName = Release;
		};
/* End XCConfigurationList section */
	};
	rootObject = D6513B902822B1D300467774 /* Project object */;
}
